
Microsoft Visual Studio Solution File, Format Version 12.00
# Visual Studio Version 16
VisualStudioVersion = 16.0.35425.106
MinimumVisualStudioVersion = 10.0.40219.1
Project("{FAE04EC0-301F-11D3-BF4B-00C04F79EFBC}") = "OP TOOLS", "OP TOOLS\OP TOOLS.csproj", "{266316B8-D8FE-42B9-B9D8-735F327EF11A}"
EndProject
Global
	GlobalSection(SolutionConfigurationPlatforms) = preSolution
		Debug|Any CPU = Debug|Any CPU
		Release|Any CPU = Release|Any CPU
	EndGlobalSection
	GlobalSection(ProjectConfigurationPlatforms) = postSolution
		{266316B8-D8FE-42B9-B9D8-735F327EF11A}.Debug|Any CPU.ActiveCfg = Debug|Any CPU
		{266316B8-D8FE-42B9-B9D8-735F327EF11A}.Debug|Any CPU.Build.0 = Debug|Any CPU
		{266316B8-D8FE-42B9-B9D8-735F327EF11A}.Release|Any CPU.ActiveCfg = Release|Any CPU
		{266316B8-D8FE-42B9-B9D8-735F327EF11A}.Release|Any CPU.Build.0 = Release|Any CPU
	EndGlobalSection
	GlobalSection(SolutionProperties) = preSolution
		HideSolutionNode = FALSE
	EndGlobalSection
	GlobalSection(ExtensibilityGlobals) = postSolution
		SolutionGuid = {47B26871-2123-4813-B8DE-1841D01CACF9}
	EndGlobalSection
EndGlobal
